
Microsoft Visual Studio Solution File, Format Version 12.00
# Visual Studio Version 16
VisualStudioVersion = 16.0.30204.135
MinimumVisualStudioVersion = 10.0.40219.1
Project("{FAE04EC0-301F-11D3-BF4B-00C04F79EFBC}") = "InventoryApi", "InventoryApi\InventoryApi.csproj", "{5EB98D75-8886-4D13-A87D-A901F33B5034}"
EndProject
Global
	GlobalSection(SolutionConfigurationPlatforms) = preSolution
		Debug|Any CPU = Debug|Any CPU
		Release|Any CPU = Release|Any CPU
	EndGlobalSection
	GlobalSection(ProjectConfigurationPlatforms) = postSolution
		{5EB98D75-8886-4D13-A87D-A901F33B5034}.Debug|Any CPU.ActiveCfg = Debug|Any CPU
		{5EB98D75-8886-4D13-A87D-A901F33B5034}.Debug|Any CPU.Build.0 = Debug|Any CPU
		{5EB98D75-8886-4D13-A87D-A901F33B5034}.Release|Any CPU.ActiveCfg = Release|Any CPU
		{5EB98D75-8886-4D13-A87D-A901F33B5034}.Release|Any CPU.Build.0 = Release|Any CPU
	EndGlobalSection
	GlobalSection(SolutionProperties) = preSolution
		HideSolutionNode = FALSE
	EndGlobalSection
	GlobalSection(ExtensibilityGlobals) = postSolution
		SolutionGuid = {F375AD87-6F0D-4E66-B6CD-9FE89AA743F4}
	EndGlobalSection
EndGlobal
